{
  "name": "rectanglejs_saprsuu6",
  "version": "1.0.1",
  "lockfileVersion": 2,
  "requires": true,
  "packages": {
    "": {
      "name": "rectanglejs_saprsuu6",
      "version": "1.0.1",
      "license": "ISC",
      "dependencies": {
        "rectanglejs_saprsuu6": "^1.0.1"
      }
    },
    "node_modules/rectanglejs_saprsuu6": {
      "version": "1.0.1",
      "resolved": "https://registry.npmjs.org/rectanglejs_saprsuu6/-/rectanglejs_saprsuu6-1.0.1.tgz",
      "integrity": "sha512-qGeg7gVU705m/JxGkHNvkIi+ngBOKcBhaStYVhLFSr1T54y10WSnJN+QlFnmVzJo9fCtHPDcp9pzM9Lzt81hiw=="
    }
  },
  "dependencies": {
    "rectanglejs_saprsuu6": {
      "version": "1.0.1",
      "resolved": "https://registry.npmjs.org/rectanglejs_saprsuu6/-/rectanglejs_saprsuu6-1.0.1.tgz",
      "integrity": "sha512-qGeg7gVU705m/JxGkHNvkIi+ngBOKcBhaStYVhLFSr1T54y10WSnJN+QlFnmVzJo9fCtHPDcp9pzM9Lzt81hiw=="
    }
  }
}
